
Microsoft Visual Studio Solution File, Format Version 12.00
# Visual Studio 2010
Project("{FAE04EC0-301F-11D3-BF4B-00C04F79EFBC}") = "AutoRotateBuildings", "AutoRotateBuildings\AutoRotateBuildings.csproj", "{6557747C-A659-4FCE-AA47-100E35762ABF}"
EndProject
Project("{2150E333-8FDC-42A3-9474-1A3956D46DE8}") = "Libraries", "Libraries", "{F64B0C62-5768-4685-90FD-5AB8FB52F2EE}"
	ProjectSection(SolutionItems) = preProject
		Reference Libraries\0Harmony.dll = Reference Libraries\0Harmony.dll
		Reference Libraries\0Harmony.xml = Reference Libraries\0Harmony.xml
		Reference Libraries\Assembly-CSharp-firstpass.dll = Reference Libraries\Assembly-CSharp-firstpass.dll
		Reference Libraries\Assembly-CSharp.dll = Reference Libraries\Assembly-CSharp.dll
		Reference Libraries\UnityEngine.dll = Reference Libraries\UnityEngine.dll
		Reference Libraries\UnityEngine.UI.dll = Reference Libraries\UnityEngine.UI.dll
		Reference Libraries\UnityModManager.dll = Reference Libraries\UnityModManager.dll
		Reference Libraries\UnityModManager.xml = Reference Libraries\UnityModManager.xml
	EndProjectSection
EndProject
Project("{FAE04EC0-301F-11D3-BF4B-00C04F79EFBC}") = "CharacterCam", "CharacterCam\CharacterCam.csproj", "{6F94447C-5A34-4759-A43C-215A6DE9E61B}"
EndProject
Project("{FAE04EC0-301F-11D3-BF4B-00C04F79EFBC}") = "AutoAlerts", "AutoAlerts\AutoAlerts.csproj", "{E0143A72-527E-4623-B371-CC53A83E38B4}"
EndProject
Project("{FAE04EC0-301F-11D3-BF4B-00C04F79EFBC}") = "SkipIntro", "SkipIntro\SkipIntro.csproj", "{49482ED2-881E-4525-9717-62468C5C3842}"
EndProject
Project("{FAE04EC0-301F-11D3-BF4B-00C04F79EFBC}") = "FreeBuilding", "FreeBuilding\FreeBuilding.csproj", "{D5BD97EF-8818-4290-8569-00803DDB3DCA}"
EndProject
Project("{FAE04EC0-301F-11D3-BF4B-00C04F79EFBC}") = "CameraOverhaul", "CameraOverhaul\CameraOverhaul.csproj", "{26C96371-5788-498B-99EF-2CC556C9A7D9}"
EndProject
Project("{FAE04EC0-301F-11D3-BF4B-00C04F79EFBC}") = "AutoConnections", "AutoConnections\AutoConnections.csproj", "{D033CCA1-EA1B-45F8-BBEA-E835714FCD18}"
EndProject
Project("{FAE04EC0-301F-11D3-BF4B-00C04F79EFBC}") = "PowerSaver", "PowerSaver\PowerSaver.csproj", "{A19CE52D-35D4-4F1E-BE95-9BF1E0619E67}"
EndProject
Project("{FAE04EC0-301F-11D3-BF4B-00C04F79EFBC}") = "BuildingAligner", "BuildingAligner\BuildingAligner.csproj", "{5FA97C37-03E9-497F-83C4-7409185DB055}"
EndProject
Project("{FAE04EC0-301F-11D3-BF4B-00C04F79EFBC}") = "FreeFurnishing", "FreeFurnishing\FreeFurnishing.csproj", "{E812D7C8-7ED5-449B-8F59-E4F2F39E541B}"
EndProject
Project("{FAE04EC0-301F-11D3-BF4B-00C04F79EFBC}") = "LandingControl", "LandingControl\LandingControl.csproj", "{1984EA10-8411-4371-B30A-ADC0B3BA911E}"
EndProject
Project("{FAE04EC0-301F-11D3-BF4B-00C04F79EFBC}") = "DebugManagerOn", "DebugManagerOn\DebugManagerOn.csproj", "{437447FD-BD0A-41F1-BD35-74FC5E916ADD}"
EndProject
Project("{FAE04EC0-301F-11D3-BF4B-00C04F79EFBC}") = "BetterHours", "BetterHours\BetterHours.csproj", "{30B81586-DB4F-48F7-84F8-5E656769AA61}"
EndProject
Project("{FAE04EC0-301F-11D3-BF4B-00C04F79EFBC}") = "EternalBot", "EternalBot\EternalBot.csproj", "{CF3BD139-BC35-427B-A999-1BE4AC6E15FE}"
EndProject
Project("{FAE04EC0-301F-11D3-BF4B-00C04F79EFBC}") = "NoIntruders", "NoIntruders\NoIntruders.csproj", "{0E8A3E06-80F6-4BA4-BCF0-B724F73C4689}"
EndProject
Project("{FAE04EC0-301F-11D3-BF4B-00C04F79EFBC}") = "NoSpares", "NoSpares\NoSpares.csproj", "{7B1350D7-71AE-44F5-8825-022AC8F363F0}"
EndProject
Project("{FAE04EC0-301F-11D3-BF4B-00C04F79EFBC}") = "FastAirlock", "FastAirlock\FastAirlock.csproj", "{284F487E-45BF-4C42-B3F0-7F77E082383B}"
EndProject
Project("{FAE04EC0-301F-11D3-BF4B-00C04F79EFBC}") = "MoreSpeed", "MoreSpeed\MoreSpeed.csproj", "{822E33D0-B92B-4824-976A-351C78D0A7A3}"
EndProject
Global
	GlobalSection(SolutionConfigurationPlatforms) = preSolution
		Debug|Any CPU = Debug|Any CPU
		onlyPatcher|Any CPU = onlyPatcher|Any CPU
		onlyPathcer|Any CPU = onlyPathcer|Any CPU
		Release|Any CPU = Release|Any CPU
	EndGlobalSection
	GlobalSection(ProjectConfigurationPlatforms) = postSolution
		{6557747C-A659-4FCE-AA47-100E35762ABF}.Debug|Any CPU.ActiveCfg = Debug|Any CPU
		{6557747C-A659-4FCE-AA47-100E35762ABF}.Debug|Any CPU.Build.0 = Debug|Any CPU
		{6557747C-A659-4FCE-AA47-100E35762ABF}.onlyPatcher|Any CPU.ActiveCfg = Release|Any CPU
		{6557747C-A659-4FCE-AA47-100E35762ABF}.onlyPatcher|Any CPU.Build.0 = Release|Any CPU
		{6557747C-A659-4FCE-AA47-100E35762ABF}.onlyPathcer|Any CPU.ActiveCfg = Release|Any CPU
		{6557747C-A659-4FCE-AA47-100E35762ABF}.onlyPathcer|Any CPU.Build.0 = Release|Any CPU
		{6557747C-A659-4FCE-AA47-100E35762ABF}.Release|Any CPU.ActiveCfg = Release|Any CPU
		{6557747C-A659-4FCE-AA47-100E35762ABF}.Release|Any CPU.Build.0 = Release|Any CPU
		{6F94447C-5A34-4759-A43C-215A6DE9E61B}.Debug|Any CPU.ActiveCfg = Debug|Any CPU
		{6F94447C-5A34-4759-A43C-215A6DE9E61B}.Debug|Any CPU.Build.0 = Debug|Any CPU
		{6F94447C-5A34-4759-A43C-215A6DE9E61B}.onlyPatcher|Any CPU.ActiveCfg = Release|Any CPU
		{6F94447C-5A34-4759-A43C-215A6DE9E61B}.onlyPatcher|Any CPU.Build.0 = Release|Any CPU
		{6F94447C-5A34-4759-A43C-215A6DE9E61B}.onlyPathcer|Any CPU.ActiveCfg = Release|Any CPU
		{6F94447C-5A34-4759-A43C-215A6DE9E61B}.onlyPathcer|Any CPU.Build.0 = Release|Any CPU
		{6F94447C-5A34-4759-A43C-215A6DE9E61B}.Release|Any CPU.ActiveCfg = Release|Any CPU
		{6F94447C-5A34-4759-A43C-215A6DE9E61B}.Release|Any CPU.Build.0 = Release|Any CPU
		{E0143A72-527E-4623-B371-CC53A83E38B4}.Debug|Any CPU.ActiveCfg = Debug|Any CPU
		{E0143A72-527E-4623-B371-CC53A83E38B4}.Debug|Any CPU.Build.0 = Debug|Any CPU
		{E0143A72-527E-4623-B371-CC53A83E38B4}.onlyPatcher|Any CPU.ActiveCfg = Release|Any CPU
		{E0143A72-527E-4623-B371-CC53A83E38B4}.onlyPatcher|Any CPU.Build.0 = Release|Any CPU
		{E0143A72-527E-4623-B371-CC53A83E38B4}.onlyPathcer|Any CPU.ActiveCfg = Release|Any CPU
		{E0143A72-527E-4623-B371-CC53A83E38B4}.onlyPathcer|Any CPU.Build.0 = Release|Any CPU
		{E0143A72-527E-4623-B371-CC53A83E38B4}.Release|Any CPU.ActiveCfg = Release|Any CPU
		{E0143A72-527E-4623-B371-CC53A83E38B4}.Release|Any CPU.Build.0 = Release|Any CPU
		{49482ED2-881E-4525-9717-62468C5C3842}.Debug|Any CPU.ActiveCfg = Debug|Any CPU
		{49482ED2-881E-4525-9717-62468C5C3842}.Debug|Any CPU.Build.0 = Debug|Any CPU
		{49482ED2-881E-4525-9717-62468C5C3842}.onlyPatcher|Any CPU.ActiveCfg = Release|Any CPU
		{49482ED2-881E-4525-9717-62468C5C3842}.onlyPatcher|Any CPU.Build.0 = Release|Any CPU
		{49482ED2-881E-4525-9717-62468C5C3842}.onlyPathcer|Any CPU.ActiveCfg = Release|Any CPU
		{49482ED2-881E-4525-9717-62468C5C3842}.onlyPathcer|Any CPU.Build.0 = Release|Any CPU
		{49482ED2-881E-4525-9717-62468C5C3842}.Release|Any CPU.ActiveCfg = Release|Any CPU
		{49482ED2-881E-4525-9717-62468C5C3842}.Release|Any CPU.Build.0 = Release|Any CPU
		{D5BD97EF-8818-4290-8569-00803DDB3DCA}.Debug|Any CPU.ActiveCfg = Debug|Any CPU
		{D5BD97EF-8818-4290-8569-00803DDB3DCA}.Debug|Any CPU.Build.0 = Debug|Any CPU
		{D5BD97EF-8818-4290-8569-00803DDB3DCA}.onlyPatcher|Any CPU.ActiveCfg = Release|Any CPU
		{D5BD97EF-8818-4290-8569-00803DDB3DCA}.onlyPatcher|Any CPU.Build.0 = Release|Any CPU
		{D5BD97EF-8818-4290-8569-00803DDB3DCA}.onlyPathcer|Any CPU.ActiveCfg = Release|Any CPU
		{D5BD97EF-8818-4290-8569-00803DDB3DCA}.onlyPathcer|Any CPU.Build.0 = Release|Any CPU
		{D5BD97EF-8818-4290-8569-00803DDB3DCA}.Release|Any CPU.ActiveCfg = Release|Any CPU
		{D5BD97EF-8818-4290-8569-00803DDB3DCA}.Release|Any CPU.Build.0 = Release|Any CPU
		{26C96371-5788-498B-99EF-2CC556C9A7D9}.Debug|Any CPU.ActiveCfg = Debug|Any CPU
		{26C96371-5788-498B-99EF-2CC556C9A7D9}.Debug|Any CPU.Build.0 = Debug|Any CPU
		{26C96371-5788-498B-99EF-2CC556C9A7D9}.onlyPatcher|Any CPU.ActiveCfg = Release|Any CPU
		{26C96371-5788-498B-99EF-2CC556C9A7D9}.onlyPatcher|Any CPU.Build.0 = Release|Any CPU
		{26C96371-5788-498B-99EF-2CC556C9A7D9}.onlyPathcer|Any CPU.ActiveCfg = Release|Any CPU
		{26C96371-5788-498B-99EF-2CC556C9A7D9}.onlyPathcer|Any CPU.Build.0 = Release|Any CPU
		{26C96371-5788-498B-99EF-2CC556C9A7D9}.Release|Any CPU.ActiveCfg = Release|Any CPU
		{26C96371-5788-498B-99EF-2CC556C9A7D9}.Release|Any CPU.Build.0 = Release|Any CPU
		{D033CCA1-EA1B-45F8-BBEA-E835714FCD18}.Debug|Any CPU.ActiveCfg = Debug|Any CPU
		{D033CCA1-EA1B-45F8-BBEA-E835714FCD18}.Debug|Any CPU.Build.0 = Debug|Any CPU
		{D033CCA1-EA1B-45F8-BBEA-E835714FCD18}.onlyPatcher|Any CPU.ActiveCfg = Release|Any CPU
		{D033CCA1-EA1B-45F8-BBEA-E835714FCD18}.onlyPatcher|Any CPU.Build.0 = Release|Any CPU
		{D033CCA1-EA1B-45F8-BBEA-E835714FCD18}.onlyPathcer|Any CPU.ActiveCfg = Release|Any CPU
		{D033CCA1-EA1B-45F8-BBEA-E835714FCD18}.onlyPathcer|Any CPU.Build.0 = Release|Any CPU
		{D033CCA1-EA1B-45F8-BBEA-E835714FCD18}.Release|Any CPU.ActiveCfg = Release|Any CPU
		{D033CCA1-EA1B-45F8-BBEA-E835714FCD18}.Release|Any CPU.Build.0 = Release|Any CPU
		{A19CE52D-35D4-4F1E-BE95-9BF1E0619E67}.Debug|Any CPU.ActiveCfg = Debug|Any CPU
		{A19CE52D-35D4-4F1E-BE95-9BF1E0619E67}.Debug|Any CPU.Build.0 = Debug|Any CPU
		{A19CE52D-35D4-4F1E-BE95-9BF1E0619E67}.onlyPatcher|Any CPU.ActiveCfg = Release|Any CPU
		{A19CE52D-35D4-4F1E-BE95-9BF1E0619E67}.onlyPatcher|Any CPU.Build.0 = Release|Any CPU
		{A19CE52D-35D4-4F1E-BE95-9BF1E0619E67}.onlyPathcer|Any CPU.ActiveCfg = Release|Any CPU
		{A19CE52D-35D4-4F1E-BE95-9BF1E0619E67}.onlyPathcer|Any CPU.Build.0 = Release|Any CPU
		{A19CE52D-35D4-4F1E-BE95-9BF1E0619E67}.Release|Any CPU.ActiveCfg = Release|Any CPU
		{A19CE52D-35D4-4F1E-BE95-9BF1E0619E67}.Release|Any CPU.Build.0 = Release|Any CPU
		{5FA97C37-03E9-497F-83C4-7409185DB055}.Debug|Any CPU.ActiveCfg = Debug|Any CPU
		{5FA97C37-03E9-497F-83C4-7409185DB055}.Debug|Any CPU.Build.0 = Debug|Any CPU
		{5FA97C37-03E9-497F-83C4-7409185DB055}.onlyPatcher|Any CPU.ActiveCfg = Release|Any CPU
		{5FA97C37-03E9-497F-83C4-7409185DB055}.onlyPatcher|Any CPU.Build.0 = Release|Any CPU
		{5FA97C37-03E9-497F-83C4-7409185DB055}.onlyPathcer|Any CPU.ActiveCfg = Release|Any CPU
		{5FA97C37-03E9-497F-83C4-7409185DB055}.onlyPathcer|Any CPU.Build.0 = Release|Any CPU
		{5FA97C37-03E9-497F-83C4-7409185DB055}.Release|Any CPU.ActiveCfg = Release|Any CPU
		{5FA97C37-03E9-497F-83C4-7409185DB055}.Release|Any CPU.Build.0 = Release|Any CPU
		{E812D7C8-7ED5-449B-8F59-E4F2F39E541B}.Debug|Any CPU.ActiveCfg = Debug|Any CPU
		{E812D7C8-7ED5-449B-8F59-E4F2F39E541B}.Debug|Any CPU.Build.0 = Debug|Any CPU
		{E812D7C8-7ED5-449B-8F59-E4F2F39E541B}.onlyPatcher|Any CPU.ActiveCfg = Release|Any CPU
		{E812D7C8-7ED5-449B-8F59-E4F2F39E541B}.onlyPatcher|Any CPU.Build.0 = Release|Any CPU
		{E812D7C8-7ED5-449B-8F59-E4F2F39E541B}.onlyPathcer|Any CPU.ActiveCfg = Release|Any CPU
		{E812D7C8-7ED5-449B-8F59-E4F2F39E541B}.onlyPathcer|Any CPU.Build.0 = Release|Any CPU
		{E812D7C8-7ED5-449B-8F59-E4F2F39E541B}.Release|Any CPU.ActiveCfg = Release|Any CPU
		{E812D7C8-7ED5-449B-8F59-E4F2F39E541B}.Release|Any CPU.Build.0 = Release|Any CPU
		{1984EA10-8411-4371-B30A-ADC0B3BA911E}.Debug|Any CPU.ActiveCfg = Debug|Any CPU
		{1984EA10-8411-4371-B30A-ADC0B3BA911E}.Debug|Any CPU.Build.0 = Debug|Any CPU
		{1984EA10-8411-4371-B30A-ADC0B3BA911E}.onlyPatcher|Any CPU.ActiveCfg = Release|Any CPU
		{1984EA10-8411-4371-B30A-ADC0B3BA911E}.onlyPatcher|Any CPU.Build.0 = Release|Any CPU
		{1984EA10-8411-4371-B30A-ADC0B3BA911E}.onlyPathcer|Any CPU.ActiveCfg = Release|Any CPU
		{1984EA10-8411-4371-B30A-ADC0B3BA911E}.onlyPathcer|Any CPU.Build.0 = Release|Any CPU
		{1984EA10-8411-4371-B30A-ADC0B3BA911E}.Release|Any CPU.ActiveCfg = Release|Any CPU
		{1984EA10-8411-4371-B30A-ADC0B3BA911E}.Release|Any CPU.Build.0 = Release|Any CPU
		{437447FD-BD0A-41F1-BD35-74FC5E916ADD}.Debug|Any CPU.ActiveCfg = Debug|Any CPU
		{437447FD-BD0A-41F1-BD35-74FC5E916ADD}.Debug|Any CPU.Build.0 = Debug|Any CPU
		{437447FD-BD0A-41F1-BD35-74FC5E916ADD}.onlyPatcher|Any CPU.ActiveCfg = Release|Any CPU
		{437447FD-BD0A-41F1-BD35-74FC5E916ADD}.onlyPatcher|Any CPU.Build.0 = Release|Any CPU
		{437447FD-BD0A-41F1-BD35-74FC5E916ADD}.onlyPathcer|Any CPU.ActiveCfg = Release|Any CPU
		{437447FD-BD0A-41F1-BD35-74FC5E916ADD}.onlyPathcer|Any CPU.Build.0 = Release|Any CPU
		{437447FD-BD0A-41F1-BD35-74FC5E916ADD}.Release|Any CPU.ActiveCfg = Release|Any CPU
		{437447FD-BD0A-41F1-BD35-74FC5E916ADD}.Release|Any CPU.Build.0 = Release|Any CPU
		{30B81586-DB4F-48F7-84F8-5E656769AA61}.Debug|Any CPU.ActiveCfg = Debug|Any CPU
		{30B81586-DB4F-48F7-84F8-5E656769AA61}.Debug|Any CPU.Build.0 = Debug|Any CPU
		{30B81586-DB4F-48F7-84F8-5E656769AA61}.onlyPatcher|Any CPU.ActiveCfg = onlyPatcher|Any CPU
		{30B81586-DB4F-48F7-84F8-5E656769AA61}.onlyPatcher|Any CPU.Build.0 = onlyPatcher|Any CPU
		{30B81586-DB4F-48F7-84F8-5E656769AA61}.onlyPathcer|Any CPU.ActiveCfg = onlyPathcer|Any CPU
		{30B81586-DB4F-48F7-84F8-5E656769AA61}.onlyPathcer|Any CPU.Build.0 = onlyPathcer|Any CPU
		{30B81586-DB4F-48F7-84F8-5E656769AA61}.Release|Any CPU.ActiveCfg = Release|Any CPU
		{30B81586-DB4F-48F7-84F8-5E656769AA61}.Release|Any CPU.Build.0 = Release|Any CPU
		{CF3BD139-BC35-427B-A999-1BE4AC6E15FE}.Debug|Any CPU.ActiveCfg = Debug|Any CPU
		{CF3BD139-BC35-427B-A999-1BE4AC6E15FE}.Debug|Any CPU.Build.0 = Debug|Any CPU
		{CF3BD139-BC35-427B-A999-1BE4AC6E15FE}.onlyPatcher|Any CPU.ActiveCfg = onlyPatcher|Any CPU
		{CF3BD139-BC35-427B-A999-1BE4AC6E15FE}.onlyPatcher|Any CPU.Build.0 = onlyPatcher|Any CPU
		{CF3BD139-BC35-427B-A999-1BE4AC6E15FE}.onlyPathcer|Any CPU.ActiveCfg = onlyPathcer|Any CPU
		{CF3BD139-BC35-427B-A999-1BE4AC6E15FE}.onlyPathcer|Any CPU.Build.0 = onlyPathcer|Any CPU
		{CF3BD139-BC35-427B-A999-1BE4AC6E15FE}.Release|Any CPU.ActiveCfg = Release|Any CPU
		{CF3BD139-BC35-427B-A999-1BE4AC6E15FE}.Release|Any CPU.Build.0 = Release|Any CPU
		{0E8A3E06-80F6-4BA4-BCF0-B724F73C4689}.Debug|Any CPU.ActiveCfg = Debug|Any CPU
		{0E8A3E06-80F6-4BA4-BCF0-B724F73C4689}.Debug|Any CPU.Build.0 = Debug|Any CPU
		{0E8A3E06-80F6-4BA4-BCF0-B724F73C4689}.onlyPatcher|Any CPU.ActiveCfg = onlyPatcher|Any CPU
		{0E8A3E06-80F6-4BA4-BCF0-B724F73C4689}.onlyPatcher|Any CPU.Build.0 = onlyPatcher|Any CPU
		{0E8A3E06-80F6-4BA4-BCF0-B724F73C4689}.onlyPathcer|Any CPU.ActiveCfg = onlyPathcer|Any CPU
		{0E8A3E06-80F6-4BA4-BCF0-B724F73C4689}.onlyPathcer|Any CPU.Build.0 = onlyPathcer|Any CPU
		{0E8A3E06-80F6-4BA4-BCF0-B724F73C4689}.Release|Any CPU.ActiveCfg = Release|Any CPU
		{0E8A3E06-80F6-4BA4-BCF0-B724F73C4689}.Release|Any CPU.Build.0 = Release|Any CPU
		{7B1350D7-71AE-44F5-8825-022AC8F363F0}.Debug|Any CPU.ActiveCfg = Debug|Any CPU
		{7B1350D7-71AE-44F5-8825-022AC8F363F0}.Debug|Any CPU.Build.0 = Debug|Any CPU
		{7B1350D7-71AE-44F5-8825-022AC8F363F0}.onlyPatcher|Any CPU.ActiveCfg = onlyPatcher|Any CPU
		{7B1350D7-71AE-44F5-8825-022AC8F363F0}.onlyPatcher|Any CPU.Build.0 = onlyPatcher|Any CPU
		{7B1350D7-71AE-44F5-8825-022AC8F363F0}.onlyPathcer|Any CPU.ActiveCfg = onlyPathcer|Any CPU
		{7B1350D7-71AE-44F5-8825-022AC8F363F0}.onlyPathcer|Any CPU.Build.0 = onlyPathcer|Any CPU
		{7B1350D7-71AE-44F5-8825-022AC8F363F0}.Release|Any CPU.ActiveCfg = Release|Any CPU
		{7B1350D7-71AE-44F5-8825-022AC8F363F0}.Release|Any CPU.Build.0 = Release|Any CPU
		{284F487E-45BF-4C42-B3F0-7F77E082383B}.Debug|Any CPU.ActiveCfg = Debug|Any CPU
		{284F487E-45BF-4C42-B3F0-7F77E082383B}.Debug|Any CPU.Build.0 = Debug|Any CPU
		{284F487E-45BF-4C42-B3F0-7F77E082383B}.onlyPatcher|Any CPU.ActiveCfg = onlyPatcher|Any CPU
		{284F487E-45BF-4C42-B3F0-7F77E082383B}.onlyPatcher|Any CPU.Build.0 = onlyPatcher|Any CPU
		{284F487E-45BF-4C42-B3F0-7F77E082383B}.onlyPathcer|Any CPU.ActiveCfg = onlyPathcer|Any CPU
		{284F487E-45BF-4C42-B3F0-7F77E082383B}.onlyPathcer|Any CPU.Build.0 = onlyPathcer|Any CPU
		{284F487E-45BF-4C42-B3F0-7F77E082383B}.Release|Any CPU.ActiveCfg = Release|Any CPU
		{284F487E-45BF-4C42-B3F0-7F77E082383B}.Release|Any CPU.Build.0 = Release|Any CPU
		{822E33D0-B92B-4824-976A-351C78D0A7A3}.Debug|Any CPU.ActiveCfg = Debug|Any CPU
		{822E33D0-B92B-4824-976A-351C78D0A7A3}.Debug|Any CPU.Build.0 = Debug|Any CPU
		{822E33D0-B92B-4824-976A-351C78D0A7A3}.onlyPatcher|Any CPU.ActiveCfg = onlyPatcher|Any CPU
		{822E33D0-B92B-4824-976A-351C78D0A7A3}.onlyPatcher|Any CPU.Build.0 = onlyPatcher|Any CPU
		{822E33D0-B92B-4824-976A-351C78D0A7A3}.onlyPathcer|Any CPU.ActiveCfg = onlyPathcer|Any CPU
		{822E33D0-B92B-4824-976A-351C78D0A7A3}.onlyPathcer|Any CPU.Build.0 = onlyPathcer|Any CPU
		{822E33D0-B92B-4824-976A-351C78D0A7A3}.Release|Any CPU.ActiveCfg = Release|Any CPU
		{822E33D0-B92B-4824-976A-351C78D0A7A3}.Release|Any CPU.Build.0 = Release|Any CPU
	EndGlobalSection
	GlobalSection(SolutionProperties) = preSolution
		HideSolutionNode = FALSE
	EndGlobalSection
EndGlobal
